
Microsoft Visual Studio Solution File, Format Version 12.00
# Visual Studio Version 17
VisualStudioVersion = 17.5.33103.201
MinimumVisualStudioVersion = 10.0.40219.1
Project("{FAE04EC0-301F-11D3-BF4B-00C04F79EFBC}") = "Leetcode", "Leetcode\Leetcode.csproj", "{31A1B23E-4EA9-46F7-A6DF-48BF31A2DC2E}"
EndProject
Global
	GlobalSection(SolutionConfigurationPlatforms) = preSolution
		Debug|Any CPU = Debug|Any CPU
		Release|Any CPU = Release|Any CPU
	EndGlobalSection
	GlobalSection(ProjectConfigurationPlatforms) = postSolution
		{31A1B23E-4EA9-46F7-A6DF-48BF31A2DC2E}.Debug|Any CPU.ActiveCfg = Debug|Any CPU
		{31A1B23E-4EA9-46F7-A6DF-48BF31A2DC2E}.Debug|Any CPU.Build.0 = Debug|Any CPU
		{31A1B23E-4EA9-46F7-A6DF-48BF31A2DC2E}.Release|Any CPU.ActiveCfg = Release|Any CPU
		{31A1B23E-4EA9-46F7-A6DF-48BF31A2DC2E}.Release|Any CPU.Build.0 = Release|Any CPU
	EndGlobalSection
	GlobalSection(SolutionProperties) = preSolution
		HideSolutionNode = FALSE
	EndGlobalSection
	GlobalSection(ExtensibilityGlobals) = postSolution
		SolutionGuid = {A19F0BC6-7FEC-4C85-941E-A015EE624123}
	EndGlobalSection
EndGlobal
